
Microsoft Visual Studio Solution File, Format Version 12.00
# Visual Studio Version 17
VisualStudioVersion = 17.3.32819.101
MinimumVisualStudioVersion = 10.0.40219.1
Project("{FAE04EC0-301F-11D3-BF4B-00C04F79EFBC}") = "T1", "T1\T1.csproj", "{48EDF049-2652-426C-8E25-92BC520DB2F5}"
EndProject
Global
	GlobalSection(SolutionConfigurationPlatforms) = preSolution
		Debug|Any CPU = Debug|Any CPU
		Release|Any CPU = Release|Any CPU
	EndGlobalSection
	GlobalSection(ProjectConfigurationPlatforms) = postSolution
		{48EDF049-2652-426C-8E25-92BC520DB2F5}.Debug|Any CPU.ActiveCfg = Debug|Any CPU
		{48EDF049-2652-426C-8E25-92BC520DB2F5}.Debug|Any CPU.Build.0 = Debug|Any CPU
		{48EDF049-2652-426C-8E25-92BC520DB2F5}.Release|Any CPU.ActiveCfg = Release|Any CPU
		{48EDF049-2652-426C-8E25-92BC520DB2F5}.Release|Any CPU.Build.0 = Release|Any CPU
	EndGlobalSection
	GlobalSection(SolutionProperties) = preSolution
		HideSolutionNode = FALSE
	EndGlobalSection
	GlobalSection(ExtensibilityGlobals) = postSolution
		SolutionGuid = {CFE0FE09-C098-42CE-A3EF-9953D157695F}
	EndGlobalSection
EndGlobal
